
Microsoft Visual Studio Solution File, Format Version 12.00
# Visual Studio Version 17
VisualStudioVersion = 17.10.35013.160
MinimumVisualStudioVersion = 10.0.40219.1
Project("{FAE04EC0-301F-11D3-BF4B-00C04F79EFBC}") = "BackendForClub", "BackendForClub\BackendForClub.csproj", "{2654E338-ACB7-4D37-9205-7138C0D4FB8E}"
EndProject
Global
	GlobalSection(SolutionConfigurationPlatforms) = preSolution
		Debug|Any CPU = Debug|Any CPU
		Release|Any CPU = Release|Any CPU
	EndGlobalSection
	GlobalSection(ProjectConfigurationPlatforms) = postSolution
		{2654E338-ACB7-4D37-9205-7138C0D4FB8E}.Debug|Any CPU.ActiveCfg = Debug|Any CPU
		{2654E338-ACB7-4D37-9205-7138C0D4FB8E}.Debug|Any CPU.Build.0 = Debug|Any CPU
		{2654E338-ACB7-4D37-9205-7138C0D4FB8E}.Release|Any CPU.ActiveCfg = Release|Any CPU
		{2654E338-ACB7-4D37-9205-7138C0D4FB8E}.Release|Any CPU.Build.0 = Release|Any CPU
	EndGlobalSection
	GlobalSection(SolutionProperties) = preSolution
		HideSolutionNode = FALSE
	EndGlobalSection
	GlobalSection(ExtensibilityGlobals) = postSolution
		SolutionGuid = {F558FD7B-339A-4256-A073-6005BBABE89E}
	EndGlobalSection
EndGlobal
